
Microsoft Visual Studio Solution File, Format Version 12.00
# Visual Studio Version 16
VisualStudioVersion = 16.0.28705.295
MinimumVisualStudioVersion = 10.0.40219.1
Project("{FAE04EC0-301F-11D3-BF4B-00C04F79EFBC}") = "FizzBuzz_Problem_TDD", "FizzBuzz_Problem_TDD\FizzBuzz_Problem_TDD.csproj", "{D5740EDC-F44B-4C47-8226-79C842177FDB}"
EndProject
Project("{FAE04EC0-301F-11D3-BF4B-00C04F79EFBC}") = "FizzBuzz.Library", "FizzBuzz.Library\FizzBuzz.Library.csproj", "{A468EA59-013D-404D-8846-0C240650AA25}"
EndProject
Project("{FAE04EC0-301F-11D3-BF4B-00C04F79EFBC}") = "FizzBuzz.Library.Tests", "FizzBuzz.Library.Tests\FizzBuzz.Library.Tests.csproj", "{CA49AE18-1A7B-4B8B-BA68-A402D7AA6427}"
EndProject
Global
	GlobalSection(SolutionConfigurationPlatforms) = preSolution
		Debug|Any CPU = Debug|Any CPU
		Release|Any CPU = Release|Any CPU
	EndGlobalSection
	GlobalSection(ProjectConfigurationPlatforms) = postSolution
		{D5740EDC-F44B-4C47-8226-79C842177FDB}.Debug|Any CPU.ActiveCfg = Debug|Any CPU
		{D5740EDC-F44B-4C47-8226-79C842177FDB}.Debug|Any CPU.Build.0 = Debug|Any CPU
		{D5740EDC-F44B-4C47-8226-79C842177FDB}.Release|Any CPU.ActiveCfg = Release|Any CPU
		{D5740EDC-F44B-4C47-8226-79C842177FDB}.Release|Any CPU.Build.0 = Release|Any CPU
		{A468EA59-013D-404D-8846-0C240650AA25}.Debug|Any CPU.ActiveCfg = Debug|Any CPU
		{A468EA59-013D-404D-8846-0C240650AA25}.Debug|Any CPU.Build.0 = Debug|Any CPU
		{A468EA59-013D-404D-8846-0C240650AA25}.Release|Any CPU.ActiveCfg = Release|Any CPU
		{A468EA59-013D-404D-8846-0C240650AA25}.Release|Any CPU.Build.0 = Release|Any CPU
		{CA49AE18-1A7B-4B8B-BA68-A402D7AA6427}.Debug|Any CPU.ActiveCfg = Debug|Any CPU
		{CA49AE18-1A7B-4B8B-BA68-A402D7AA6427}.Debug|Any CPU.Build.0 = Debug|Any CPU
		{CA49AE18-1A7B-4B8B-BA68-A402D7AA6427}.Release|Any CPU.ActiveCfg = Release|Any CPU
		{CA49AE18-1A7B-4B8B-BA68-A402D7AA6427}.Release|Any CPU.Build.0 = Release|Any CPU
	EndGlobalSection
	GlobalSection(SolutionProperties) = preSolution
		HideSolutionNode = FALSE
	EndGlobalSection
	GlobalSection(ExtensibilityGlobals) = postSolution
		SolutionGuid = {6EE0F3C4-9102-464F-AB3B-66BB3AECEE6D}
	EndGlobalSection
EndGlobal
